
Microsoft Visual Studio Solution File, Format Version 12.00
# Visual Studio 15
VisualStudioVersion = 15.0.28010.2019
MinimumVisualStudioVersion = 10.0.40219.1
Project("{FAE04EC0-301F-11D3-BF4B-00C04F79EFBC}") = "RGB2Gray", "RGB2Gray\RGB2Gray.csproj", "{6AEA0A91-B539-4F24-BD33-6BBA252910D3}"
EndProject
Global
	GlobalSection(SolutionConfigurationPlatforms) = preSolution
		Debug|Any CPU = Debug|Any CPU
		Release|Any CPU = Release|Any CPU
	EndGlobalSection
	GlobalSection(ProjectConfigurationPlatforms) = postSolution
		{6AEA0A91-B539-4F24-BD33-6BBA252910D3}.Debug|Any CPU.ActiveCfg = Debug|Any CPU
		{6AEA0A91-B539-4F24-BD33-6BBA252910D3}.Debug|Any CPU.Build.0 = Debug|Any CPU
		{6AEA0A91-B539-4F24-BD33-6BBA252910D3}.Release|Any CPU.ActiveCfg = Release|Any CPU
		{6AEA0A91-B539-4F24-BD33-6BBA252910D3}.Release|Any CPU.Build.0 = Release|Any CPU
	EndGlobalSection
	GlobalSection(SolutionProperties) = preSolution
		HideSolutionNode = FALSE
	EndGlobalSection
	GlobalSection(ExtensibilityGlobals) = postSolution
		SolutionGuid = {300FA88C-F573-43AB-8ECB-39C2848BB592}
	EndGlobalSection
EndGlobal
